
Microsoft Visual Studio Solution File, Format Version 12.00
# Visual Studio Version 17
VisualStudioVersion = 17.8.34330.188
MinimumVisualStudioVersion = 10.0.40219.1
Project("{9A19103F-16F7-4668-BE54-9A1E7A4F7556}") = "eSales", "eSales\eSales.csproj", "{C18CF0EE-E705-4B61-ABAB-D8E69EBF4DA1}"
EndProject
Project("{9A19103F-16F7-4668-BE54-9A1E7A4F7556}") = "eSales.Model", "eSales.Model\eSales.Model.csproj", "{CE2CFBA2-5686-4B49-8FCA-D42FD7E05736}"
EndProject
Project("{9A19103F-16F7-4668-BE54-9A1E7A4F7556}") = "eSales.Services", "eSales.Services\eSales.Services.csproj", "{C8240251-D6B1-4595-9FDF-9F9A4B60B646}"
EndProject
Project("{9A19103F-16F7-4668-BE54-9A1E7A4F7556}") = "eSales.Subscriber", "eSales.Subscriber\eSales.Subscriber.csproj", "{667D66CF-2920-4B78-B906-8A1BAED917E6}"
EndProject
Project("{2150E333-8FDC-42A3-9474-1A3956D46DE8}") = "Solution Items", "Solution Items", "{ABCDFE5B-A365-4B4A-B1BA-86B3427E793E}"
	ProjectSection(SolutionItems) = preProject
		Dockerfile = Dockerfile
	EndProjectSection
EndProject
Global
	GlobalSection(SolutionConfigurationPlatforms) = preSolution
		Debug|Any CPU = Debug|Any CPU
		Release|Any CPU = Release|Any CPU
	EndGlobalSection
	GlobalSection(ProjectConfigurationPlatforms) = postSolution
		{C18CF0EE-E705-4B61-ABAB-D8E69EBF4DA1}.Debug|Any CPU.ActiveCfg = Debug|Any CPU
		{C18CF0EE-E705-4B61-ABAB-D8E69EBF4DA1}.Debug|Any CPU.Build.0 = Debug|Any CPU
		{C18CF0EE-E705-4B61-ABAB-D8E69EBF4DA1}.Release|Any CPU.ActiveCfg = Release|Any CPU
		{C18CF0EE-E705-4B61-ABAB-D8E69EBF4DA1}.Release|Any CPU.Build.0 = Release|Any CPU
		{CE2CFBA2-5686-4B49-8FCA-D42FD7E05736}.Debug|Any CPU.ActiveCfg = Debug|Any CPU
		{CE2CFBA2-5686-4B49-8FCA-D42FD7E05736}.Debug|Any CPU.Build.0 = Debug|Any CPU
		{CE2CFBA2-5686-4B49-8FCA-D42FD7E05736}.Release|Any CPU.ActiveCfg = Release|Any CPU
		{CE2CFBA2-5686-4B49-8FCA-D42FD7E05736}.Release|Any CPU.Build.0 = Release|Any CPU
		{C8240251-D6B1-4595-9FDF-9F9A4B60B646}.Debug|Any CPU.ActiveCfg = Debug|Any CPU
		{C8240251-D6B1-4595-9FDF-9F9A4B60B646}.Debug|Any CPU.Build.0 = Debug|Any CPU
		{C8240251-D6B1-4595-9FDF-9F9A4B60B646}.Release|Any CPU.ActiveCfg = Release|Any CPU
		{C8240251-D6B1-4595-9FDF-9F9A4B60B646}.Release|Any CPU.Build.0 = Release|Any CPU
		{667D66CF-2920-4B78-B906-8A1BAED917E6}.Debug|Any CPU.ActiveCfg = Debug|Any CPU
		{667D66CF-2920-4B78-B906-8A1BAED917E6}.Debug|Any CPU.Build.0 = Debug|Any CPU
		{667D66CF-2920-4B78-B906-8A1BAED917E6}.Release|Any CPU.ActiveCfg = Release|Any CPU
		{667D66CF-2920-4B78-B906-8A1BAED917E6}.Release|Any CPU.Build.0 = Release|Any CPU
	EndGlobalSection
	GlobalSection(SolutionProperties) = preSolution
		HideSolutionNode = FALSE
	EndGlobalSection
	GlobalSection(ExtensibilityGlobals) = postSolution
		SolutionGuid = {B1DF72D6-43DE-4727-A130-D38FE630820F}
	EndGlobalSection
EndGlobal
